
Microsoft Visual Studio Solution File, Format Version 12.00
# Visual Studio Version 17
VisualStudioVersion = 17.0.31903.59
MinimumVisualStudioVersion = 10.0.40219.1
Project("{FAE04EC0-301F-11D3-BF4B-00C04F79EFBC}") = "CSharpNUnitExercises", "CSharpNUnitExercises\CSharpNUnitExercises.csproj", "{040066DD-41E5-4691-A612-49CCECB826D3}"
EndProject
Project("{FAE04EC0-301F-11D3-BF4B-00C04F79EFBC}") = "Tests", "Tests\Tests.csproj", "{5BCA654B-B9DC-43C2-9860-D97AD228CD7B}"
EndProject
Global
	GlobalSection(SolutionConfigurationPlatforms) = preSolution
		Debug|Any CPU = Debug|Any CPU
		Release|Any CPU = Release|Any CPU
	EndGlobalSection
	GlobalSection(SolutionProperties) = preSolution
		HideSolutionNode = FALSE
	EndGlobalSection
	GlobalSection(ProjectConfigurationPlatforms) = postSolution
		{040066DD-41E5-4691-A612-49CCECB826D3}.Debug|Any CPU.ActiveCfg = Debug|Any CPU
		{040066DD-41E5-4691-A612-49CCECB826D3}.Debug|Any CPU.Build.0 = Debug|Any CPU
		{040066DD-41E5-4691-A612-49CCECB826D3}.Release|Any CPU.ActiveCfg = Release|Any CPU
		{040066DD-41E5-4691-A612-49CCECB826D3}.Release|Any CPU.Build.0 = Release|Any CPU
		{5BCA654B-B9DC-43C2-9860-D97AD228CD7B}.Debug|Any CPU.ActiveCfg = Debug|Any CPU
		{5BCA654B-B9DC-43C2-9860-D97AD228CD7B}.Debug|Any CPU.Build.0 = Debug|Any CPU
		{5BCA654B-B9DC-43C2-9860-D97AD228CD7B}.Release|Any CPU.ActiveCfg = Release|Any CPU
		{5BCA654B-B9DC-43C2-9860-D97AD228CD7B}.Release|Any CPU.Build.0 = Release|Any CPU
	EndGlobalSection
EndGlobal
